
Microsoft Visual Studio Solution File, Format Version 12.00
# Visual Studio 2012
Project("{FAE04EC0-301F-11D3-BF4B-00C04F79EFBC}") = "QuanLiBanHang_BDO", "QuanLiBanHang_BDO\QuanLiBanHang_BDO.csproj", "{0FAE6E4A-A1EB-485D-B526-F6CF5509277E}"
EndProject
Project("{FAE04EC0-301F-11D3-BF4B-00C04F79EFBC}") = "QuanLiBanHang_DAL", "QuanLiBanHang_DAL\QuanLiBanHang_DAL.csproj", "{FD54414B-D062-4F19-9689-0739FE332D91}"
EndProject
Project("{FAE04EC0-301F-11D3-BF4B-00C04F79EFBC}") = "QuanLiBanHang_BUS", "QuanLiBanHang_BUS\QuanLiBanHang_BUS.csproj", "{391CADC3-E01B-44BF-AE98-A5DCD9E34EA7}"
EndProject
Project("{FAE04EC0-301F-11D3-BF4B-00C04F79EFBC}") = "QuanLiBanHang_Service", "QuanLiBanHang_Service\QuanLiBanHang_Service.csproj", "{15B3E0D2-6217-493A-A690-158C497F5318}"
EndProject
Project("{E24C65DC-7377-472B-9ABA-BC803B73C61A}") = "BanHangService", "http://localhost:29535", "{FBAA68EB-5EE0-4B8B-8A87-3F2BCA594127}"
	ProjectSection(WebsiteProperties) = preProject
		UseIISExpress = "true"
		TargetFrameworkMoniker = ".NETFramework,Version%3Dv4.5"
		Debug.AspNetCompiler.VirtualPath = "/localhost_29535"
		Debug.AspNetCompiler.PhysicalPath = "BanHangService\"
		Debug.AspNetCompiler.TargetPath = "PrecompiledWeb\localhost_29535\"
		Debug.AspNetCompiler.Updateable = "true"
		Debug.AspNetCompiler.ForceOverwrite = "true"
		Debug.AspNetCompiler.FixedNames = "false"
		Debug.AspNetCompiler.Debug = "True"
		Release.AspNetCompiler.VirtualPath = "/localhost_29535"
		Release.AspNetCompiler.PhysicalPath = "BanHangService\"
		Release.AspNetCompiler.TargetPath = "PrecompiledWeb\localhost_29535\"
		Release.AspNetCompiler.Updateable = "true"
		Release.AspNetCompiler.ForceOverwrite = "true"
		Release.AspNetCompiler.FixedNames = "false"
		Release.AspNetCompiler.Debug = "False"
		SlnRelativePath = "BanHangService\"
	EndProjectSection
EndProject
Global
	GlobalSection(SolutionConfigurationPlatforms) = preSolution
		Debug|Any CPU = Debug|Any CPU
		Release|Any CPU = Release|Any CPU
	EndGlobalSection
	GlobalSection(ProjectConfigurationPlatforms) = postSolution
		{0FAE6E4A-A1EB-485D-B526-F6CF5509277E}.Debug|Any CPU.ActiveCfg = Debug|Any CPU
		{0FAE6E4A-A1EB-485D-B526-F6CF5509277E}.Debug|Any CPU.Build.0 = Debug|Any CPU
		{0FAE6E4A-A1EB-485D-B526-F6CF5509277E}.Release|Any CPU.ActiveCfg = Release|Any CPU
		{0FAE6E4A-A1EB-485D-B526-F6CF5509277E}.Release|Any CPU.Build.0 = Release|Any CPU
		{FD54414B-D062-4F19-9689-0739FE332D91}.Debug|Any CPU.ActiveCfg = Debug|Any CPU
		{FD54414B-D062-4F19-9689-0739FE332D91}.Debug|Any CPU.Build.0 = Debug|Any CPU
		{FD54414B-D062-4F19-9689-0739FE332D91}.Release|Any CPU.ActiveCfg = Release|Any CPU
		{FD54414B-D062-4F19-9689-0739FE332D91}.Release|Any CPU.Build.0 = Release|Any CPU
		{391CADC3-E01B-44BF-AE98-A5DCD9E34EA7}.Debug|Any CPU.ActiveCfg = Debug|Any CPU
		{391CADC3-E01B-44BF-AE98-A5DCD9E34EA7}.Debug|Any CPU.Build.0 = Debug|Any CPU
		{391CADC3-E01B-44BF-AE98-A5DCD9E34EA7}.Release|Any CPU.ActiveCfg = Release|Any CPU
		{391CADC3-E01B-44BF-AE98-A5DCD9E34EA7}.Release|Any CPU.Build.0 = Release|Any CPU
		{15B3E0D2-6217-493A-A690-158C497F5318}.Debug|Any CPU.ActiveCfg = Debug|Any CPU
		{15B3E0D2-6217-493A-A690-158C497F5318}.Debug|Any CPU.Build.0 = Debug|Any CPU
		{15B3E0D2-6217-493A-A690-158C497F5318}.Release|Any CPU.ActiveCfg = Release|Any CPU
		{15B3E0D2-6217-493A-A690-158C497F5318}.Release|Any CPU.Build.0 = Release|Any CPU
		{FBAA68EB-5EE0-4B8B-8A87-3F2BCA594127}.Debug|Any CPU.ActiveCfg = Debug|Any CPU
		{FBAA68EB-5EE0-4B8B-8A87-3F2BCA594127}.Debug|Any CPU.Build.0 = Debug|Any CPU
		{FBAA68EB-5EE0-4B8B-8A87-3F2BCA594127}.Release|Any CPU.ActiveCfg = Debug|Any CPU
		{FBAA68EB-5EE0-4B8B-8A87-3F2BCA594127}.Release|Any CPU.Build.0 = Debug|Any CPU
	EndGlobalSection
	GlobalSection(SolutionProperties) = preSolution
		HideSolutionNode = FALSE
	EndGlobalSection
EndGlobal
